
Microsoft Visual Studio Solution File, Format Version 12.00
# Visual Studio Version 16
VisualStudioVersion = 16.0.31220.234
MinimumVisualStudioVersion = 10.0.40219.1
Project("{9A19103F-16F7-4668-BE54-9A1E7A4F7556}") = "JsOSMaui", "JsOSMaui\JsOSMaui.csproj", "{14AEDBB3-3CFD-4D84-9741-17B3C874001B}"
EndProject
Project("{9A19103F-16F7-4668-BE54-9A1E7A4F7556}") = "JsOSMaui.WinUI", "JsOSMaui.WinUI\JsOSMaui.WinUI.csproj", "{8681DC27-7255-480B-9D7D-30E5E4B8DEEC}"
EndProject
Global
	GlobalSection(SolutionConfigurationPlatforms) = preSolution
		Debug|Any CPU = Debug|Any CPU
		Release|Any CPU = Release|Any CPU
	EndGlobalSection
	GlobalSection(ProjectConfigurationPlatforms) = postSolution
		{14AEDBB3-3CFD-4D84-9741-17B3C874001B}.Debug|Any CPU.ActiveCfg = Debug|Any CPU
		{14AEDBB3-3CFD-4D84-9741-17B3C874001B}.Debug|Any CPU.Build.0 = Debug|Any CPU
		{14AEDBB3-3CFD-4D84-9741-17B3C874001B}.Debug|Any CPU.Deploy.0 = Debug|Any CPU
		{14AEDBB3-3CFD-4D84-9741-17B3C874001B}.Release|Any CPU.ActiveCfg = Release|Any CPU
		{14AEDBB3-3CFD-4D84-9741-17B3C874001B}.Release|Any CPU.Build.0 = Release|Any CPU
		{14AEDBB3-3CFD-4D84-9741-17B3C874001B}.Release|Any CPU.Deploy.0 = Release|Any CPU
		{8681DC27-7255-480B-9D7D-30E5E4B8DEEC}.Debug|Any CPU.ActiveCfg = Debug|Any CPU
		{8681DC27-7255-480B-9D7D-30E5E4B8DEEC}.Debug|Any CPU.Build.0 = Debug|Any CPU
		{8681DC27-7255-480B-9D7D-30E5E4B8DEEC}.Debug|Any CPU.Deploy.0 = Debug|Any CPU
		{8681DC27-7255-480B-9D7D-30E5E4B8DEEC}.Release|Any CPU.ActiveCfg = Release|Any CPU
		{8681DC27-7255-480B-9D7D-30E5E4B8DEEC}.Release|Any CPU.Build.0 = Release|Any CPU
		{8681DC27-7255-480B-9D7D-30E5E4B8DEEC}.Release|Any CPU.Deploy.0 = Release|Any CPU
	EndGlobalSection
	GlobalSection(SolutionProperties) = preSolution
		HideSolutionNode = FALSE
	EndGlobalSection
	GlobalSection(ExtensibilityGlobals) = postSolution
		SolutionGuid = {61F7FB11-1E47-470C-91E2-47F8143E1572}
	EndGlobalSection
EndGlobal
